
Microsoft Visual Studio Solution File, Format Version 12.00
# Visual Studio Version 17
VisualStudioVersion = 17.0.31903.59
MinimumVisualStudioVersion = 10.0.40219.1
Project("{FAE04EC0-301F-11D3-BF4B-00C04F79EFBC}") = "CryptoWalletWebAPI", "CryptoWalletWebAPI\CryptoWalletWebAPI.csproj", "{7C1C672C-E493-49FC-B218-DA6D6CCC4567}"
EndProject
Project("{FAE04EC0-301F-11D3-BF4B-00C04F79EFBC}") = "CryptoWalletWebAPITests", "CryptoWalletWebAPITests\CryptoWalletWebAPITests.csproj", "{36DDAEEC-02F7-4E39-8C82-855CFF8E3C9C}"
EndProject
Global
	GlobalSection(SolutionConfigurationPlatforms) = preSolution
		Debug|Any CPU = Debug|Any CPU
		Release|Any CPU = Release|Any CPU
	EndGlobalSection
	GlobalSection(SolutionProperties) = preSolution
		HideSolutionNode = FALSE
	EndGlobalSection
	GlobalSection(ProjectConfigurationPlatforms) = postSolution
		{7C1C672C-E493-49FC-B218-DA6D6CCC4567}.Debug|Any CPU.ActiveCfg = Debug|Any CPU
		{7C1C672C-E493-49FC-B218-DA6D6CCC4567}.Debug|Any CPU.Build.0 = Debug|Any CPU
		{7C1C672C-E493-49FC-B218-DA6D6CCC4567}.Release|Any CPU.ActiveCfg = Release|Any CPU
		{7C1C672C-E493-49FC-B218-DA6D6CCC4567}.Release|Any CPU.Build.0 = Release|Any CPU
		{36DDAEEC-02F7-4E39-8C82-855CFF8E3C9C}.Debug|Any CPU.ActiveCfg = Debug|Any CPU
		{36DDAEEC-02F7-4E39-8C82-855CFF8E3C9C}.Debug|Any CPU.Build.0 = Debug|Any CPU
		{36DDAEEC-02F7-4E39-8C82-855CFF8E3C9C}.Release|Any CPU.ActiveCfg = Release|Any CPU
		{36DDAEEC-02F7-4E39-8C82-855CFF8E3C9C}.Release|Any CPU.Build.0 = Release|Any CPU
	EndGlobalSection
EndGlobal
